# Generated by Dagger. Pins the images and git refs this workspace uses.
# Any Dagger command may update this file; always commit it with your changes.
# Run `dagger lock update` to refresh the pinned versions.
[["version","2"]]
["","git-latest",["github.com/dagger/dang-sdk"],"refs/tags/v1.0.1"]
["","git-latest",["github.com/dagger/go"],"refs/tags/v0.1.0"]
["","git-latest",["github.com/dagger/sdk-helpers",["version","v1"]],"refs/tags/v1.0.5"]
["","git-latest",["github.com/vito/agents",["tagPrefix","committer"]],"refs/tags/v0.0.1"]
["","git-latest",["github.com/vito/agents",["tagPrefix","contributor"]],"refs/tags/v0.0.1"]
["","git-latest",["github.com/vito/agents",["tagPrefix","staff"]],"refs/tags/v0.0.1"]
["","git-latest",["github.com/vito/editor"],"refs/tags/v0.0.1"]
["","git-sha",["github.com/dagger/dang-sdk","refs/tags/v1.0.1"],"6dde4a9ca2cb598bf281ba36778d2428ad53aa48"]
["","git-sha",["github.com/dagger/go","refs/tags/v0.1.0"],"0b68a41656546134aa6b5c0a439fd1ffcd2ecae9"]
["","git-sha",["github.com/dagger/sdk-helpers","refs/tags/v1.0.4"],"6c883f657933ecb06ae86d56d9cd1f8785346bb1"]
["","git-sha",["github.com/dagger/sdk-helpers","refs/tags/v1.0.5"],"2d593321b19e3519584b1bbd6e77d83b2be9de2f"]
["","git-sha",["github.com/vito/agents","main"],"cd0ec769779c300ab950fa97495b34381fc5aaf7"]
["","git-sha",["github.com/vito/agents","refs/heads/main"],"cd0ec769779c300ab950fa97495b34381fc5aaf7"]
["","git-sha",["github.com/vito/agents","refs/tags/v0.0.1"],"ecd4a827117d67f873ba6153bcca491fb09f8280"]
["","git-sha",["github.com/vito/dagger-go","go-doc"],"ca70baad843fdd1d2a96acf644c145fd3528afb2"]
["","git-sha",["github.com/vito/editor","main"],"d3c91679b4417f11848c66a672586ca02f9d9c1e"]
["","git-sha",["github.com/vito/editor","refs/heads/main"],"d3c91679b4417f11848c66a672586ca02f9d9c1e"]
["","git-sha",["github.com/vito/editor","refs/tags/v0.0.1"],"e6d9160aa9f1993500a085e3a69e7cfda4962834"]
["","oci-latest",["cgr.dev/chainguard/apko"],"latest"]
["","oci-sha",["cgr.dev/chainguard/apko:latest"],"sha256:7fcdcd1ca1fb1e4601fac698458d1b0d6cde7d9e7f0e3cca733aee894889f2e6"]
["","oci-sha",["docker.io/library/alpine:3.22"],"sha256:5291449c3df73caf6ed85e649dec1b9e818b39a5d8c871e97afc13e9cd5e8fa8"]
["","oci-sha",["docker.io/library/golang:1.25"],"sha256:699337d620559a59b4a2bb298ad59611e535d2ee755a34cf2d2a98f37578dc80"]
["","oci-sha",["docker.io/library/golang:1.26"],"sha256:0f063af2d465d8dcae54cce04278ada488b96f77b42449c8d071e47d016cc65a"]
["","oci-sha",["docker.io/library/golang:1.26-alpine"],"sha256:8ac98ca534ac3f51e1f420a1dd2c15e74c75cfa0f23f3ad27eb5d7236c349a0c"]
["","vanity-url",["https://dagger.io/go"],"https://github.com/dagger/go"]
["","vanity-url",["https://dagger.io/sdk/dang"],"https://github.com/dagger/dang-sdk"]
["","vanity-url",["https://dagger.io/sdk/helpers"],"https://github.com/dagger/sdk-helpers"]