# Generated by Dagger. Pins the images and git refs this workspace uses.
# Any Dagger command may update this file; always commit it with your changes.
# Run `dagger workspace update` to refresh the pinned versions.
[["version","2"]]
["","git-latest",["github.com/dagger/dang-sdk"],"refs/tags/v1.0.1"]
["","git-latest",["github.com/dagger/sdk-helpers",["version","v1"]],"refs/tags/v1.0.4"]
["","git-latest",["github.com/vito/agents",["tagPrefix","committer"]],"refs/heads/main"]
["","git-latest",["github.com/vito/agents",["tagPrefix","contributor"]],"refs/heads/main"]
["","git-latest",["github.com/vito/agents",["tagPrefix","staff"]],"refs/heads/main"]
["","git-latest",["github.com/vito/editor"],"refs/heads/main"]
["","git-sha",["github.com/dagger/dang-sdk","refs/tags/v1.0.1"],"6dde4a9ca2cb598bf281ba36778d2428ad53aa48"]
["","git-sha",["github.com/dagger/sdk-helpers","refs/tags/v1.0.4"],"6c883f657933ecb06ae86d56d9cd1f8785346bb1"]
["","git-sha",["github.com/vito/agents","refs/heads/main"],"b564b114c7d1becdf21338e0e4f9bf8fdbd24ac5"]
["","git-sha",["github.com/vito/dagger-go","go-doc"],"ca70baad843fdd1d2a96acf644c145fd3528afb2"]
["","git-sha",["github.com/vito/editor","refs/heads/main"],"4373a455da3e610440ec702ca72ee2c624905efb"]
["","oci-latest",["cgr.dev/chainguard/apko"],"latest"]
["","oci-sha",["cgr.dev/chainguard/apko:latest"],"sha256:36d95931845ec00dfa3733f811d370a8c79b0ab4244340f111d946aeb4bbb950"]
["","oci-sha",["docker.io/library/golang:1.26-alpine"],"sha256:51a7c389a5ddaf82f527191a1e9bff9928655130a44e4975dd1d7e0acf59f1ae"]
["","vanity-url",["https://dagger.io/sdk/helpers"],"https://github.com/dagger/sdk-helpers"]